
Microsoft Visual Studio Solution File, Format Version 12.00
# Visual Studio Version 17
VisualStudioVersion = 17.1.32328.378
MinimumVisualStudioVersion = 10.0.40219.1
Project("{FAE04EC0-301F-11D3-BF4B-00C04F79EFBC}") = "Projeto Semana 05", "Projeto Semana 05\Projeto Semana 05.csproj", "{D92511FD-B71B-4677-AD54-011A619FD0AB}"
EndProject
Global
	GlobalSection(SolutionConfigurationPlatforms) = preSolution
		Debug|Any CPU = Debug|Any CPU
		Release|Any CPU = Release|Any CPU
	EndGlobalSection
	GlobalSection(ProjectConfigurationPlatforms) = postSolution
		{D92511FD-B71B-4677-AD54-011A619FD0AB}.Debug|Any CPU.ActiveCfg = Debug|Any CPU
		{D92511FD-B71B-4677-AD54-011A619FD0AB}.Debug|Any CPU.Build.0 = Debug|Any CPU
		{D92511FD-B71B-4677-AD54-011A619FD0AB}.Release|Any CPU.ActiveCfg = Release|Any CPU
		{D92511FD-B71B-4677-AD54-011A619FD0AB}.Release|Any CPU.Build.0 = Release|Any CPU
	EndGlobalSection
	GlobalSection(SolutionProperties) = preSolution
		HideSolutionNode = FALSE
	EndGlobalSection
	GlobalSection(ExtensibilityGlobals) = postSolution
		SolutionGuid = {02B68732-E003-44BC-8B74-39A7F23242EE}
	EndGlobalSection
EndGlobal
